// !$*UTF8*$!
{
	archiveVersion = 1;
	classes = {
	};
	objectVersion = 50;
	objects = {

/* Begin PBXBuildFile section */
		65FDCF022583C8A900B8DC6A /* AppDelegate.swift in Sources */ = {isa = PBXBuildFile; fileRef = 65FDCF012583C8A900B8DC6A /* AppDelegate.swift */; };
		65FDCF062583C8A900B8DC6A /* ViewController.swift in Sources */ = {isa = PBXBuildFile; fileRef = 65FDCF052583C8A900B8DC6A /* ViewController.swift */; };
		65FDCF092583C8A900B8DC6A /* Main.storyboard in Resources */ = {isa = PBXBuildFile; fileRef = 65FDCF072583C8A900B8DC6A /* Main.storyboard */; };
		65FDCF0B2583C8AB00B8DC6A /* Assets.xcassets in Resources */ = {isa = PBXBuildFile; fileRef = 65FDCF0A2583C8AB00B8DC6A /* Assets.xcassets */; };
		65FDCF0E2583C8AB00B8DC6A /* LaunchScreen.storyboard in Resources */ = {isa = PBXBuildFile; fileRef = 65FDCF0C2583C8AB00B8DC6A /* LaunchScreen.storyboard */; };
		65FDCF162583C97500B8DC6A /* RangeSlider.xib in Resources */ = {isa = PBXBuildFile; fileRef = 65FDCF152583C97500B8DC6A /* RangeSlider.xib */; };
		65FDCF182583CDF100B8DC6A /* NibLoadable.swift in Sources */ = {isa = PBXBuildFile; fileRef = 65FDCF172583CDF100B8DC6A /* NibLoadable.swift */; };
		65FDCF1A2583CE0600B8DC6A /* RangeSlider.swift in Sources */ = {isa = PBXBuildFile; fileRef = 65FDCF192583CE0600B8DC6A /* RangeSlider.swift */; };
/* End PBXBuildFile section */

/* Begin PBXFileReference section */
		65FDCEFE2583C8A900B8DC6A /* RangeSlider.app */ = {isa = PBXFileReference; explicitFileType = wrapper.application; includeInIndex = 0; path = RangeSlider.app; sourceTree = BUILT_PRODUCTS_DIR; };
		65FDCF012583C8A900B8DC6A /* AppDelegate.swift */ = {isa = PBXFileReference; lastKnownFileType = sourcecode.swift; path = AppDelegate.swift; sourceTree = "<group>"; };
		65FDCF052583C8A900B8DC6A /* ViewController.swift */ = {isa = PBXFileReference; lastKnownFileType = sourcecode.swift; path = ViewController.swift; sourceTree = "<group>"; };
		65FDCF082583C8A900B8DC6A /* Base */ = {isa = PBXFileReference; lastKnownFileType = file.storyboard; name = Base; path = Base.lproj/Main.storyboard; sourceTree = "<group>"; };
		65FDCF0A2583C8AB00B8DC6A /* Assets.xcassets */ = {isa = PBXFileReference; lastKnownFileType = folder.assetcatalog; path = Assets.xcassets; sourceTree = "<group>"; };
		65FDCF0D2583C8AB00B8DC6A /* Base */ = {isa = PBXFileReference; lastKnownFileType = file.storyboard; name = Base; path = Base.lproj/LaunchScreen.storyboard; sourceTree = "<group>"; };
		65FDCF0F2583C8AB00B8DC6A /* Info.plist */ = {isa = PBXFileReference; lastKnownFileType = text.plist.xml; path = Info.plist; sourceTree = "<group>"; };
		65FDCF152583C97500B8DC6A /* RangeSlider.xib */ = {isa = PBXFileReference; lastKnownFileType = file.xib; path = RangeSlider.xib; sourceTree = "<group>"; };
		65FDCF172583CDF100B8DC6A /* NibLoadable.swift */ = {isa = PBXFileReference; lastKnownFileType = sourcecode.swift; path = NibLoadable.swift; sourceTree = "<group>"; };
		65FDCF192583CE0600B8DC6A /* RangeSlider.swift */ = {isa = PBXFileReference; lastKnownFileType = sourcecode.swift; path = RangeSlider.swift; sourceTree = "<group>"; };
/* End PBXFileReference section */

/* Begin PBXFrameworksBuildPhase section */
		65FDCEFB2583C8A900B8DC6A /* Frameworks */ = {
			isa = PBXFrameworksBuildPhase;
			buildActionMask = 2147483647;
			files = (
			);
			runOnlyForDeploymentPostprocessing = 0;
		};
/* End PBXFrameworksBuildPhase section */

/* Begin PBXGroup section */
		65FDCEF52583C8A900B8DC6A = {
			isa = PBXGroup;
			children = (
				65FDCF002583C8A900B8DC6A /* RangeSlider */,
				65FDCEFF2583C8A900B8DC6A /* Products */,
			);
			sourceTree = "<group>";
		};
		65FDCEFF2583C8A900B8DC6A /* Products */ = {
			isa = PBXGroup;
			children = (
				65FDCEFE2583C8A900B8DC6A /* RangeSlider.app */,
			);
			name = Products;
			sourceTree = "<group>";
		};
		65FDCF002583C8A900B8DC6A /* RangeSlider */ = {
			isa = PBXGroup;
			children = (
				65FDCF012583C8A900B8DC6A /* AppDelegate.swift */,
				65FDCF052583C8A900B8DC6A /* ViewController.swift */,
				65FDCF072583C8A900B8DC6A /* Main.storyboard */,
				65FDCF152583C97500B8DC6A /* RangeSlider.xib */,
				65FDCF192583CE0600B8DC6A /* RangeSlider.swift */,
				65FDCF172583CDF100B8DC6A /* NibLoadable.swift */,
				65FDCF0A2583C8AB00B8DC6A /* Assets.xcassets */,
				65FDCF0C2583C8AB00B8DC6A /* LaunchScreen.storyboard */,
				65FDCF0F2583C8AB00B8DC6A /* Info.plist */,
			);
			path = RangeSlider;
			sourceTree = "<group>";
		};
/* End PBXGroup section */

/* Begin PBXNativeTarget section */
		65FDCEFD2583C8A900B8DC6A /* RangeSlider */ = {
			isa = PBXNativeTarget;
			buildConfigurationList = 65FDCF122583C8AB00B8DC6A /* Build configuration list for PBXNativeTarget "RangeSlider" */;
			buildPhases = (
				65FDCEFA2583C8A900B8DC6A /* Sources */,
				65FDCEFB2583C8A900B8DC6A /* Frameworks */,
				65FDCEFC2583C8A900B8DC6A /* Resources */,
			);
			buildRules = (
			);
			dependencies = (
			);
			name = RangeSlider;
			productName = RangeSlider;
			productReference = 65FDCEFE2583C8A900B8DC6A /* RangeSlider.app */;
			productType = "com.apple.product-type.application";
		};
/* End PBXNativeTarget section */

/* Begin PBXProject section */
		65FDCEF62583C8A900B8DC6A /* Project object */ = {
			isa = PBXProject;
			attributes = {
				LastSwiftUpdateCheck = 1170;
				LastUpgradeCheck = 1170;
				ORGANIZATIONNAME = "Yi Zhang";
				TargetAttributes = {
					65FDCEFD2583C8A900B8DC6A = {
						CreatedOnToolsVersion = 11.7;
					};
				};
			};
			buildConfigurationList = 65FDCEF92583C8A900B8DC6A /* Build configuration list for PBXProject "RangeSlider" */;
			compatibilityVersion = "Xcode 9.3";
			developmentRegion = en;
			hasScannedForEncodings = 0;
			knownRegions = (
				en,
				Base,
			);
			mainGroup = 65FDCEF52583C8A900B8DC6A;
			productRefGroup = 65FDCEFF2583C8A900B8DC6A /* Products */;
			projectDirPath = "";
			projectRoot = "";
			targets = (
				65FDCEFD2583C8A900B8DC6A /* RangeSlider */,
			);
		};
/* End PBXProject section */

/* Begin PBXResourcesBuildPhase section */
		65FDCEFC2583C8A900B8DC6A /* Resources */ = {
			isa = PBXResourcesBuildPhase;
			buildActionMask = 2147483647;
			files = (
				65FDCF162583C97500B8DC6A /* RangeSlider.xib in Resources */,
				65FDCF0E2583C8AB00B8DC6A /* LaunchScreen.storyboard in Resources */,
				65FDCF0B2583C8AB00B8DC6A /* Assets.xcassets in Resources */,
				65FDCF092583C8A900B8DC6A /* Main.storyboard in Resources */,
			);
			runOnlyForDeploymentPostprocessing = 0;
		};
/* End PBXResourcesBuildPhase section */

/* Begin PBXSourcesBuildPhase section */
		65FDCEFA2583C8A900B8DC6A /* Sources */ = {
			isa = PBXSourcesBuildPhase;
			buildActionMask = 2147483647;
			files = (
				65FDCF1A2583CE0600B8DC6A /* RangeSlider.swift in Sources */,
				65FDCF182583CDF100B8DC6A /* NibLoadable.swift in Sources */,
				65FDCF062583C8A900B8DC6A /* ViewController.swift in Sources */,
				65FDCF022583C8A900B8DC6A /* AppDelegate.swift in Sources */,
			);
			runOnlyForDeploymentPostprocessing = 0;
		};
/* End PBXSourcesBuildPhase section */

/* Begin PBXVariantGroup section */
		65FDCF072583C8A900B8DC6A /* Main.storyboard */ = {
			isa = PBXVariantGroup;
			children = (
				65FDCF082583C8A900B8DC6A /* Base */,
			);
			name = Main.storyboard;
			sourceTree = "<group>";
		};
		65FDCF0C2583C8AB00B8DC6A /* LaunchScreen.storyboard */ = {
			isa = PBXVariantGroup;
			children = (
				65FDCF0D2583C8AB00B8DC6A /* Base */,
			);
			name = LaunchScreen.storyboard;
			sourceTree = "<group>";
		};
/* End PBXVariantGroup section */

/* Begin XCBuildConfiguration section */
		65FDCF102583C8AB00B8DC6A /* Debug */ = {
			isa = XCBuildConfiguration;
			buildSettings = {
				ALWAYS_SEARCH_USER_PATHS = NO;
				CLANG_ANALYZER_NONNULL = YES;
				CLANG_ANALYZER_NUMBER_OBJECT_CONVERSION = YES_AGGRESSIVE;
				CLANG_CXX_LANGUAGE_STANDARD = "gnu++14";
				CLANG_CXX_LIBRARY = "libc++";
				CLANG_ENABLE_MODULES = YES;
				CLANG_ENABLE_OBJC_ARC = YES;
				CLANG_ENABLE_OBJC_WEAK = YES;
				CLANG_WARN_BLOCK_CAPTURE_AUTORELEASING = YES;
				CLANG_WARN_BOOL_CONVERSION = YES;
				CLANG_WARN_COMMA = YES;
				CLANG_WARN_CONSTANT_CONVERSION = YES;
				CLANG_WARN_DEPRECATED_OBJC_IMPLEMENTATIONS = YES;
				CLANG_WARN_DIRECT_OBJC_ISA_USAGE = YES_ERROR;
				CLANG_WARN_DOCUMENTATION_COMMENTS = YES;
				CLANG_WARN_EMPTY_BODY = YES;
				CLANG_WARN_ENUM_CONVERSION = YES;
				CLANG_WARN_INFINITE_RECURSION = YES;
				CLANG_WARN_INT_CONVERSION = YES;
				CLANG_WARN_NON_LITERAL_NULL_CONVERSION = YES;
				CLANG_WARN_OBJC_IMPLICIT_RETAIN_SELF = YES;
				CLANG_WARN_OBJC_LITERAL_CONVERSION = YES;
				CLANG_WARN_OBJC_ROOT_CLASS = YES_ERROR;
				CLANG_WARN_RANGE_LOOP_ANALYSIS = YES;
				CLANG_WARN_STRICT_PROTOTYPES = YES;
				CLANG_WARN_SUSPICIOUS_MOVE = YES;
				CLANG_WARN_UNGUARDED_AVAILABILITY = YES_AGGRESSIVE;
				CLANG_WARN_UNREACHABLE_CODE = YES;
				CLANG_WARN__DUPLICATE_METHOD_MATCH = YES;
				COPY_PHASE_STRIP = NO;
				DEBUG_INFORMATION_FORMAT = dwarf;
				ENABLE_STRICT_OBJC_MSGSEND = YES;
				ENABLE_TESTABILITY = YES;
				GCC_C_LANGUAGE_STANDARD = gnu11;
				GCC_DYNAMIC_NO_PIC = NO;
				GCC_NO_COMMON_BLOCKS = YES;
				GCC_OPTIMIZATION_LEVEL = 0;
				GCC_PREPROCESSOR_DEFINITIONS = (
					"DEBUG=1",
					"$(inherited)",
				);
				GCC_WARN_64_TO_32_BIT_CONVERSION = YES;
				GCC_WARN_ABOUT_RETURN_TYPE = YES_ERROR;
				GCC_WARN_UNDECLARED_SELECTOR = YES;
				GCC_WARN_UNINITIALIZED_AUTOS = YES_AGGRESSIVE;
				GCC_WARN_UNUSED_FUNCTION = YES;
				GCC_WARN_UNUSED_VARIABLE = YES;
				IPHONEOS_DEPLOYMENT_TARGET = 13.7;
				MTL_ENABLE_DEBUG_INFO = INCLUDE_SOURCE;
				MTL_FAST_MATH = YES;
				ONLY_ACTIVE_ARCH = YES;
				SDKROOT = iphoneos;
				SWIFT_ACTIVE_COMPILATION_CONDITIONS = DEBUG;
				SWIFT_OPTIMIZATION_LEVEL = "-Onone";
			};
			name = Debug;
		};
		65FDCF112583C8AB00B8DC6A /* Release */ = {
			isa = XCBuildConfiguration;
			buildSettings = {
				ALWAYS_SEARCH_USER_PATHS = NO;
				CLANG_ANALYZER_NONNULL = YES;
				CLANG_ANALYZER_NUMBER_OBJECT_CONVERSION = YES_AGGRESSIVE;
				CLANG_CXX_LANGUAGE_STANDARD = "gnu++14";
				CLANG_CXX_LIBRARY = "libc++";
				CLANG_ENABLE_MODULES = YES;
				CLANG_ENABLE_OBJC_ARC = YES;
				CLANG_ENABLE_OBJC_WEAK = YES;
				CLANG_WARN_BLOCK_CAPTURE_AUTORELEASING = YES;
				CLANG_WARN_BOOL_CONVERSION = YES;
				CLANG_WARN_COMMA = YES;
				CLANG_WARN_CONSTANT_CONVERSION = YES;
				CLANG_WARN_DEPRECATED_OBJC_IMPLEMENTATIONS = YES;
				CLANG_WARN_DIRECT_OBJC_ISA_USAGE = YES_ERROR;
				CLANG_WARN_DOCUMENTATION_COMMENTS = YES;
				CLANG_WARN_EMPTY_BODY = YES;
				CLANG_WARN_ENUM_CONVERSION = YES;
				CLANG_WARN_INFINITE_RECURSION = YES;
				CLANG_WARN_INT_CONVERSION = YES;
				CLANG_WARN_NON_LITERAL_NULL_CONVERSION = YES;
				CLANG_WARN_OBJC_IMPLICIT_RETAIN_SELF = YES;
				CLANG_WARN_OBJC_LITERAL_CONVERSION = YES;
				CLANG_WARN_OBJC_ROOT_CLASS = YES_ERROR;
				CLANG_WARN_RANGE_LOOP_ANALYSIS = YES;
				CLANG_WARN_STRICT_PROTOTYPES = YES;
				CLANG_WARN_SUSPICIOUS_MOVE = YES;
				CLANG_WARN_UNGUARDED_AVAILABILITY = YES_AGGRESSIVE;
				CLANG_WARN_UNREACHABLE_CODE = YES;
				CLANG_WARN__DUPLICATE_METHOD_MATCH = YES;
				COPY_PHASE_STRIP = NO;
				DEBUG_INFORMATION_FORMAT = "dwarf-with-dsym";
				ENABLE_NS_ASSERTIONS = NO;
				ENABLE_STRICT_OBJC_MSGSEND = YES;
				GCC_C_LANGUAGE_STANDARD = gnu11;
				GCC_NO_COMMON_BLOCKS = YES;
				GCC_WARN_64_TO_32_BIT_CONVERSION = YES;
				GCC_WARN_ABOUT_RETURN_TYPE = YES_ERROR;
				GCC_WARN_UNDECLARED_SELECTOR = YES;
				GCC_WARN_UNINITIALIZED_AUTOS = YES_AGGRESSIVE;
				GCC_WARN_UNUSED_FUNCTION = YES;
				GCC_WARN_UNUSED_VARIABLE = YES;
				IPHONEOS_DEPLOYMENT_TARGET = 13.7;
				MTL_ENABLE_DEBUG_INFO = NO;
				MTL_FAST_MATH = YES;
				SDKROOT = iphoneos;
				SWIFT_COMPILATION_MODE = wholemodule;
				SWIFT_OPTIMIZATION_LEVEL = "-O";
				VALIDATE_PRODUCT = YES;
			};
			name = Release;
		};
		65FDCF132583C8AB00B8DC6A /* Debug */ = {
			isa = XCBuildConfiguration;
			buildSettings = {
				ASSETCATALOG_COMPILER_APPICON_NAME = AppIcon;
				CODE_SIGN_STYLE = Automatic;
				DEVELOPMENT_TEAM = 8Y7626TS68;
				INFOPLIST_FILE = RangeSlider/Info.plist;
				IPHONEOS_DEPLOYMENT_TARGET = 10.0;
				LD_RUNPATH_SEARCH_PATHS = (
					"$(inherited)",
					"@executable_path/Frameworks",
				);
				PRODUCT_BUNDLE_IDENTIFIER = z1joey.RangeSlider;
				PRODUCT_NAME = "$(TARGET_NAME)";
				SWIFT_VERSION = 5.0;
				TARGETED_DEVICE_FAMILY = 1;
			};
			name = Debug;
		};
		65FDCF142583C8AB00B8DC6A /* Release */ = {
			isa = XCBuildConfiguration;
			buildSettings = {
				ASSETCATALOG_COMPILER_APPICON_NAME = AppIcon;
				CODE_SIGN_STYLE = Automatic;
				DEVELOPMENT_TEAM = 8Y7626TS68;
				INFOPLIST_FILE = RangeSlider/Info.plist;
				IPHONEOS_DEPLOYMENT_TARGET = 10.0;
				LD_RUNPATH_SEARCH_PATHS = (
					"$(inherited)",
					"@executable_path/Frameworks",
				);
				PRODUCT_BUNDLE_IDENTIFIER = z1joey.RangeSlider;
				PRODUCT_NAME = "$(TARGET_NAME)";
				SWIFT_VERSION = 5.0;
				TARGETED_DEVICE_FAMILY = 1;
			};
			name = Release;
		};
/* End XCBuildConfiguration section */

/* Begin XCConfigurationList section */
		65FDCEF92583C8A900B8DC6A /* Build configuration list for PBXProject "RangeSlider" */ = {
			isa = XCConfigurationList;
			buildConfigurations = (
				65FDCF102583C8AB00B8DC6A /* Debug */,
				65FDCF112583C8AB00B8DC6A /* Release */,
			);
			defaultConfigurationIsVisible = 0;
			defaultConfigurationName = Release;
		};
		65FDCF122583C8AB00B8DC6A /* Build configuration list for PBXNativeTarget "RangeSlider" */ = {
			isa = XCConfigurationList;
			buildConfigurations = (
				65FDCF132583C8AB00B8DC6A /* Debug */,
				65FDCF142583C8AB00B8DC6A /* Release */,
			);
			defaultConfigurationIsVisible = 0;
			defaultConfigurationName = Release;
		};
/* End XCConfigurationList section */
	};
	rootObject = 65FDCEF62583C8A900B8DC6A /* Project object */;
}
